
Microsoft Visual Studio Solution File, Format Version 12.00
# Visual Studio 15
VisualStudioVersion = 15.0.27428.2005
MinimumVisualStudioVersion = 10.0.40219.1
Project("{FAE04EC0-301F-11D3-BF4B-00C04F79EFBC}") = "Are The Same", "Are The Same\Are The Same.csproj", "{B9F6DFA3-AE67-4BBA-9872-6610DA8F877B}"
EndProject
Global
	GlobalSection(SolutionConfigurationPlatforms) = preSolution
		Debug|Any CPU = Debug|Any CPU
		Release|Any CPU = Release|Any CPU
	EndGlobalSection
	GlobalSection(ProjectConfigurationPlatforms) = postSolution
		{B9F6DFA3-AE67-4BBA-9872-6610DA8F877B}.Debug|Any CPU.ActiveCfg = Debug|Any CPU
		{B9F6DFA3-AE67-4BBA-9872-6610DA8F877B}.Debug|Any CPU.Build.0 = Debug|Any CPU
		{B9F6DFA3-AE67-4BBA-9872-6610DA8F877B}.Release|Any CPU.ActiveCfg = Release|Any CPU
		{B9F6DFA3-AE67-4BBA-9872-6610DA8F877B}.Release|Any CPU.Build.0 = Release|Any CPU
	EndGlobalSection
	GlobalSection(SolutionProperties) = preSolution
		HideSolutionNode = FALSE
	EndGlobalSection
	GlobalSection(ExtensibilityGlobals) = postSolution
		SolutionGuid = {1063D7B6-05F2-4A20-845C-95D85E7B955D}
	EndGlobalSection
EndGlobal
