
Microsoft Visual Studio Solution File, Format Version 12.00
# Visual Studio 15
VisualStudioVersion = 15.0.27428.2005
MinimumVisualStudioVersion = 10.0.40219.1
Project("{FAE04EC0-301F-11D3-BF4B-00C04F79EFBC}") = "Tribonacci Sequence", "Tribonacci Sequence\Tribonacci Sequence.csproj", "{09A15516-C378-489C-A467-E9FDA52A8D8E}"
EndProject
Project("{FAE04EC0-301F-11D3-BF4B-00C04F79EFBC}") = "TribonacciSequence.Tests", "TribonacciSequence.Tests\TribonacciSequence.Tests.csproj", "{D753CB98-DE22-4E9F-84F1-747889882CF8}"
EndProject
Global
	GlobalSection(SolutionConfigurationPlatforms) = preSolution
		Debug|Any CPU = Debug|Any CPU
		Release|Any CPU = Release|Any CPU
	EndGlobalSection
	GlobalSection(ProjectConfigurationPlatforms) = postSolution
		{09A15516-C378-489C-A467-E9FDA52A8D8E}.Debug|Any CPU.ActiveCfg = Debug|Any CPU
		{09A15516-C378-489C-A467-E9FDA52A8D8E}.Debug|Any CPU.Build.0 = Debug|Any CPU
		{09A15516-C378-489C-A467-E9FDA52A8D8E}.Release|Any CPU.ActiveCfg = Release|Any CPU
		{09A15516-C378-489C-A467-E9FDA52A8D8E}.Release|Any CPU.Build.0 = Release|Any CPU
		{D753CB98-DE22-4E9F-84F1-747889882CF8}.Debug|Any CPU.ActiveCfg = Debug|Any CPU
		{D753CB98-DE22-4E9F-84F1-747889882CF8}.Debug|Any CPU.Build.0 = Debug|Any CPU
		{D753CB98-DE22-4E9F-84F1-747889882CF8}.Release|Any CPU.ActiveCfg = Release|Any CPU
		{D753CB98-DE22-4E9F-84F1-747889882CF8}.Release|Any CPU.Build.0 = Release|Any CPU
	EndGlobalSection
	GlobalSection(SolutionProperties) = preSolution
		HideSolutionNode = FALSE
	EndGlobalSection
	GlobalSection(ExtensibilityGlobals) = postSolution
		SolutionGuid = {8531B534-F866-49EE-A42A-18A7C4EA513C}
	EndGlobalSection
EndGlobal
