
Microsoft Visual Studio Solution File, Format Version 12.00
# Visual Studio 15
VisualStudioVersion = 15.0.27703.2035
MinimumVisualStudioVersion = 10.0.40219.1
Project("{FAE04EC0-301F-11D3-BF4B-00C04F79EFBC}") = "NextBigerNumberWithTheSameDigits", "NextBigerNumberWithTheSameDigits\NextBigerNumberWithTheSameDigits.csproj", "{AB04F563-3EAA-4795-BCCF-A5FAEDD36140}"
EndProject
Project("{FAE04EC0-301F-11D3-BF4B-00C04F79EFBC}") = "NextBigerNumberWithTheSameDigits.Core", "NextBigerNumberWithTheSameDigits.Core\NextBigerNumberWithTheSameDigits.Core.csproj", "{BCFA143D-F9AE-4BAE-8FB1-4A425B389B87}"
EndProject
Project("{FAE04EC0-301F-11D3-BF4B-00C04F79EFBC}") = "NextBigerNumberWithTheSameDigits.Test", "NextBigerNumberWithTheSameDigits.Test\NextBigerNumberWithTheSameDigits.Test.csproj", "{F48EC8AE-506C-452D-9486-EB7921AC90D5}"
EndProject
Global
	GlobalSection(SolutionConfigurationPlatforms) = preSolution
		Debug|Any CPU = Debug|Any CPU
		Release|Any CPU = Release|Any CPU
	EndGlobalSection
	GlobalSection(ProjectConfigurationPlatforms) = postSolution
		{AB04F563-3EAA-4795-BCCF-A5FAEDD36140}.Debug|Any CPU.ActiveCfg = Debug|Any CPU
		{AB04F563-3EAA-4795-BCCF-A5FAEDD36140}.Debug|Any CPU.Build.0 = Debug|Any CPU
		{AB04F563-3EAA-4795-BCCF-A5FAEDD36140}.Release|Any CPU.ActiveCfg = Release|Any CPU
		{AB04F563-3EAA-4795-BCCF-A5FAEDD36140}.Release|Any CPU.Build.0 = Release|Any CPU
		{BCFA143D-F9AE-4BAE-8FB1-4A425B389B87}.Debug|Any CPU.ActiveCfg = Debug|Any CPU
		{BCFA143D-F9AE-4BAE-8FB1-4A425B389B87}.Debug|Any CPU.Build.0 = Debug|Any CPU
		{BCFA143D-F9AE-4BAE-8FB1-4A425B389B87}.Release|Any CPU.ActiveCfg = Release|Any CPU
		{BCFA143D-F9AE-4BAE-8FB1-4A425B389B87}.Release|Any CPU.Build.0 = Release|Any CPU
		{F48EC8AE-506C-452D-9486-EB7921AC90D5}.Debug|Any CPU.ActiveCfg = Debug|Any CPU
		{F48EC8AE-506C-452D-9486-EB7921AC90D5}.Debug|Any CPU.Build.0 = Debug|Any CPU
		{F48EC8AE-506C-452D-9486-EB7921AC90D5}.Release|Any CPU.ActiveCfg = Release|Any CPU
		{F48EC8AE-506C-452D-9486-EB7921AC90D5}.Release|Any CPU.Build.0 = Release|Any CPU
	EndGlobalSection
	GlobalSection(SolutionProperties) = preSolution
		HideSolutionNode = FALSE
	EndGlobalSection
	GlobalSection(ExtensibilityGlobals) = postSolution
		SolutionGuid = {6F909824-2C0E-43B1-AD83-46D744CD88DB}
	EndGlobalSection
EndGlobal
