
Microsoft Visual Studio Solution File, Format Version 12.00
# Visual Studio 15
VisualStudioVersion = 15.0.27428.2005
MinimumVisualStudioVersion = 10.0.40219.1
Project("{FAE04EC0-301F-11D3-BF4B-00C04F79EFBC}") = "Gauß needs help!", "Gauß needs help!\Gauß needs help!.csproj", "{666BDE84-B918-41D1-9C4A-97E1F7B06CE8}"
EndProject
Project("{FAE04EC0-301F-11D3-BF4B-00C04F79EFBC}") = "Gaus.tests", "Gaus.tests\Gaus.tests.csproj", "{7C6784C9-2FFB-44DC-BD8B-E27D21D0DFBE}"
EndProject
Global
	GlobalSection(SolutionConfigurationPlatforms) = preSolution
		Debug|Any CPU = Debug|Any CPU
		Release|Any CPU = Release|Any CPU
	EndGlobalSection
	GlobalSection(ProjectConfigurationPlatforms) = postSolution
		{666BDE84-B918-41D1-9C4A-97E1F7B06CE8}.Debug|Any CPU.ActiveCfg = Debug|Any CPU
		{666BDE84-B918-41D1-9C4A-97E1F7B06CE8}.Debug|Any CPU.Build.0 = Debug|Any CPU
		{666BDE84-B918-41D1-9C4A-97E1F7B06CE8}.Release|Any CPU.ActiveCfg = Release|Any CPU
		{666BDE84-B918-41D1-9C4A-97E1F7B06CE8}.Release|Any CPU.Build.0 = Release|Any CPU
		{7C6784C9-2FFB-44DC-BD8B-E27D21D0DFBE}.Debug|Any CPU.ActiveCfg = Debug|Any CPU
		{7C6784C9-2FFB-44DC-BD8B-E27D21D0DFBE}.Debug|Any CPU.Build.0 = Debug|Any CPU
		{7C6784C9-2FFB-44DC-BD8B-E27D21D0DFBE}.Release|Any CPU.ActiveCfg = Release|Any CPU
		{7C6784C9-2FFB-44DC-BD8B-E27D21D0DFBE}.Release|Any CPU.Build.0 = Release|Any CPU
	EndGlobalSection
	GlobalSection(SolutionProperties) = preSolution
		HideSolutionNode = FALSE
	EndGlobalSection
	GlobalSection(ExtensibilityGlobals) = postSolution
		SolutionGuid = {14271503-3527-4F4E-9F07-01FFAE7A5AE2}
	EndGlobalSection
EndGlobal
