
Microsoft Visual Studio Solution File, Format Version 12.00
# Visual Studio 15
VisualStudioVersion = 15.0.27428.2005
MinimumVisualStudioVersion = 10.0.40219.1
Project("{FAE04EC0-301F-11D3-BF4B-00C04F79EFBC}") = "BitCounting", "BitCounting\BitCounting.csproj", "{F602C41D-7C62-4BC8-BA34-76B3AAA7EAE6}"
EndProject
Project("{FAE04EC0-301F-11D3-BF4B-00C04F79EFBC}") = "BitCount.Tests", "BitCount.Tests\BitCount.Tests.csproj", "{ADAF40BD-E0F2-43CA-ABB0-E733E16E6500}"
EndProject
Global
	GlobalSection(SolutionConfigurationPlatforms) = preSolution
		Debug|Any CPU = Debug|Any CPU
		Release|Any CPU = Release|Any CPU
	EndGlobalSection
	GlobalSection(ProjectConfigurationPlatforms) = postSolution
		{F602C41D-7C62-4BC8-BA34-76B3AAA7EAE6}.Debug|Any CPU.ActiveCfg = Debug|Any CPU
		{F602C41D-7C62-4BC8-BA34-76B3AAA7EAE6}.Debug|Any CPU.Build.0 = Debug|Any CPU
		{F602C41D-7C62-4BC8-BA34-76B3AAA7EAE6}.Release|Any CPU.ActiveCfg = Release|Any CPU
		{F602C41D-7C62-4BC8-BA34-76B3AAA7EAE6}.Release|Any CPU.Build.0 = Release|Any CPU
		{ADAF40BD-E0F2-43CA-ABB0-E733E16E6500}.Debug|Any CPU.ActiveCfg = Debug|Any CPU
		{ADAF40BD-E0F2-43CA-ABB0-E733E16E6500}.Debug|Any CPU.Build.0 = Debug|Any CPU
		{ADAF40BD-E0F2-43CA-ABB0-E733E16E6500}.Release|Any CPU.ActiveCfg = Release|Any CPU
		{ADAF40BD-E0F2-43CA-ABB0-E733E16E6500}.Release|Any CPU.Build.0 = Release|Any CPU
	EndGlobalSection
	GlobalSection(SolutionProperties) = preSolution
		HideSolutionNode = FALSE
	EndGlobalSection
	GlobalSection(ExtensibilityGlobals) = postSolution
		SolutionGuid = {DEC2C203-F5EE-4306-835F-3B6FE6EAD22D}
	EndGlobalSection
EndGlobal
