
Microsoft Visual Studio Solution File, Format Version 12.00
# Visual Studio 15
VisualStudioVersion = 15.0.27428.2005
MinimumVisualStudioVersion = 10.0.40219.1
Project("{FAE04EC0-301F-11D3-BF4B-00C04F79EFBC}") = "CountCharactersInYourString", "CountCharactersInYourString\CountCharactersInYourString.csproj", "{D7297665-7BFE-4F97-8CB2-95B61DEE2E85}"
EndProject
Project("{FAE04EC0-301F-11D3-BF4B-00C04F79EFBC}") = "CountCharacters.Tests", "CountCharacters.Tests\CountCharacters.Tests.csproj", "{C6870554-AE44-49E9-9508-8F969BB3D0AF}"
EndProject
Global
	GlobalSection(SolutionConfigurationPlatforms) = preSolution
		Debug|Any CPU = Debug|Any CPU
		Release|Any CPU = Release|Any CPU
	EndGlobalSection
	GlobalSection(ProjectConfigurationPlatforms) = postSolution
		{D7297665-7BFE-4F97-8CB2-95B61DEE2E85}.Debug|Any CPU.ActiveCfg = Debug|Any CPU
		{D7297665-7BFE-4F97-8CB2-95B61DEE2E85}.Debug|Any CPU.Build.0 = Debug|Any CPU
		{D7297665-7BFE-4F97-8CB2-95B61DEE2E85}.Release|Any CPU.ActiveCfg = Release|Any CPU
		{D7297665-7BFE-4F97-8CB2-95B61DEE2E85}.Release|Any CPU.Build.0 = Release|Any CPU
		{C6870554-AE44-49E9-9508-8F969BB3D0AF}.Debug|Any CPU.ActiveCfg = Debug|Any CPU
		{C6870554-AE44-49E9-9508-8F969BB3D0AF}.Debug|Any CPU.Build.0 = Debug|Any CPU
		{C6870554-AE44-49E9-9508-8F969BB3D0AF}.Release|Any CPU.ActiveCfg = Release|Any CPU
		{C6870554-AE44-49E9-9508-8F969BB3D0AF}.Release|Any CPU.Build.0 = Release|Any CPU
	EndGlobalSection
	GlobalSection(SolutionProperties) = preSolution
		HideSolutionNode = FALSE
	EndGlobalSection
	GlobalSection(ExtensibilityGlobals) = postSolution
		SolutionGuid = {1D50BE18-0544-46BA-84FD-3B085F1118B6}
	EndGlobalSection
EndGlobal
